// !$*UTF8*$!
{
	archiveVersion = 1;
	classes = {
	};
	objectVersion = 46;
	objects = {

/* Begin PBXBuildFile section */
		360ABCE418E61181004C815D /* Parse.framework in Frameworks */ = {isa = PBXBuildFile; fileRef = 360ABCE318E61181004C815D /* Parse.framework */; };
		360ABCE618E61237004C815D /* AudioToolbox.framework in Frameworks */ = {isa = PBXBuildFile; fileRef = 360ABCE518E61237004C815D /* AudioToolbox.framework */; };
		360ABCE818E61240004C815D /* CFNetwork.framework in Frameworks */ = {isa = PBXBuildFile; fileRef = 360ABCE718E61240004C815D /* CFNetwork.framework */; };
		360ABCEA18E61251004C815D /* CoreLocation.framework in Frameworks */ = {isa = PBXBuildFile; fileRef = 360ABCE918E61251004C815D /* CoreLocation.framework */; };
		360ABCEC18E61279004C815D /* libz.dylib in Frameworks */ = {isa = PBXBuildFile; fileRef = 360ABCEB18E61279004C815D /* libz.dylib */; };
		360ABCEE18E61288004C815D /* MobileCoreServices.framework in Frameworks */ = {isa = PBXBuildFile; fileRef = 360ABCED18E61288004C815D /* MobileCoreServices.framework */; };
		360ABCF018E61294004C815D /* QuartzCore.framework in Frameworks */ = {isa = PBXBuildFile; fileRef = 360ABCEF18E61294004C815D /* QuartzCore.framework */; };
		360ABCF218E6129F004C815D /* Security.framework in Frameworks */ = {isa = PBXBuildFile; fileRef = 360ABCF118E6129F004C815D /* Security.framework */; };
		360ABCF418E612AA004C815D /* StoreKit.framework in Frameworks */ = {isa = PBXBuildFile; fileRef = 360ABCF318E612AA004C815D /* StoreKit.framework */; };
		360ABCF618E612B5004C815D /* SystemConfiguration.framework in Frameworks */ = {isa = PBXBuildFile; fileRef = 360ABCF518E612B5004C815D /* SystemConfiguration.framework */; };
		361A2D8518ECDFC20030D688 /* FMDatabase.m in Sources */ = {isa = PBXBuildFile; fileRef = 361A2D7518ECDF5F0030D688 /* FMDatabase.m */; };
		361A2D8618ECDFC20030D688 /* FMDatabaseAdditions.m in Sources */ = {isa = PBXBuildFile; fileRef = 361A2D7718ECDF5F0030D688 /* FMDatabaseAdditions.m */; };
		361A2D8718ECDFC20030D688 /* FMDatabasePool.m in Sources */ = {isa = PBXBuildFile; fileRef = 361A2D7918ECDF5F0030D688 /* FMDatabasePool.m */; };
		361A2D8818ECDFC20030D688 /* FMDatabaseQueue.m in Sources */ = {isa = PBXBuildFile; fileRef = 361A2D7B18ECDF5F0030D688 /* FMDatabaseQueue.m */; };
		361A2D8918ECDFC20030D688 /* FMResultSet.m in Sources */ = {isa = PBXBuildFile; fileRef = 361A2D7E18ECDF5F0030D688 /* FMResultSet.m */; };
		36EE19EF1901F06F004CDE57 /* ComponentModalViewController.m in Sources */ = {isa = PBXBuildFile; fileRef = 36EE19EE1901F06F004CDE57 /* ComponentModalViewController.m */; };
		89756D4E18ECCBB20006321C /* medRef.sql in Resources */ = {isa = PBXBuildFile; fileRef = 89756D4D18ECCBB20006321C /* medRef.sql */; };
		8976C4AF18FDDBD500DECF27 /* FormNumberView.m in Sources */ = {isa = PBXBuildFile; fileRef = 8976C4AE18FDDBD500DECF27 /* FormNumberView.m */; };
		8976C4B218FDDBEA00DECF27 /* FormSelectionView.m in Sources */ = {isa = PBXBuildFile; fileRef = 8976C4B118FDDBEA00DECF27 /* FormSelectionView.m */; };
		8976C4B518FDDF6900DECF27 /* FormComponent.m in Sources */ = {isa = PBXBuildFile; fileRef = 8976C4B418FDDF6900DECF27 /* FormComponent.m */; };
		8976C4B818FDE2A200DECF27 /* FormComponentView.m in Sources */ = {isa = PBXBuildFile; fileRef = 8976C4B718FDE2A200DECF27 /* FormComponentView.m */; };
		8976C4BC18FDE58200DECF27 /* RadioButton.m in Sources */ = {isa = PBXBuildFile; fileRef = 8976C4BB18FDE58200DECF27 /* RadioButton.m */; };
		8976C4BE18FDE72200DECF27 /* checked.png in Resources */ = {isa = PBXBuildFile; fileRef = 8976C4BD18FDE72200DECF27 /* checked.png */; };
		8976C4C018FDE72700DECF27 /* unchecked.png in Resources */ = {isa = PBXBuildFile; fileRef = 8976C4BF18FDE72700DECF27 /* unchecked.png */; };
		89A41F4118EF627C00CA871F /* LocalDB.m in Sources */ = {isa = PBXBuildFile; fileRef = 89C6501618E8DE66004553E9 /* LocalDB.m */; };
		89AC2BA918F9D5B700BC4BC2 /* ComponentView.m in Sources */ = {isa = PBXBuildFile; fileRef = 89AC2BA818F9D5B700BC4BC2 /* ComponentView.m */; };
		89AC2BAC18F9E14C00BC4BC2 /* FormView.m in Sources */ = {isa = PBXBuildFile; fileRef = 89AC2BAB18F9E14C00BC4BC2 /* FormView.m */; };
		89AC2BAF18F9E16100BC4BC2 /* LinkView.m in Sources */ = {isa = PBXBuildFile; fileRef = 89AC2BAE18F9E16100BC4BC2 /* LinkView.m */; };
		89AC2BB218F9E17300BC4BC2 /* CalculatorView.m in Sources */ = {isa = PBXBuildFile; fileRef = 89AC2BB118F9E17300BC4BC2 /* CalculatorView.m */; };
		89AC2BBE18F9FBE400BC4BC2 /* TextBlockView.m in Sources */ = {isa = PBXBuildFile; fileRef = 89AC2BBD18F9FBE400BC4BC2 /* TextBlockView.m */; };
		89C6500118E8DB81004553E9 /* libsqlite3.dylib in Frameworks */ = {isa = PBXBuildFile; fileRef = 89C6500018E8DB81004553E9 /* libsqlite3.dylib */; };
		A302F60818ECDC830065D42E /* StepMasterViewController.m in Sources */ = {isa = PBXBuildFile; fileRef = A302F60718ECDC830065D42E /* StepMasterViewController.m */; };
		A324B2D518E24A4600261C57 /* Foundation.framework in Frameworks */ = {isa = PBXBuildFile; fileRef = A324B2D418E24A4600261C57 /* Foundation.framework */; };
		A324B2D718E24A4600261C57 /* CoreGraphics.framework in Frameworks */ = {isa = PBXBuildFile; fileRef = A324B2D618E24A4600261C57 /* CoreGraphics.framework */; };
		A324B2D918E24A4600261C57 /* UIKit.framework in Frameworks */ = {isa = PBXBuildFile; fileRef = A324B2D818E24A4600261C57 /* UIKit.framework */; };
		A324B2DF18E24A4600261C57 /* InfoPlist.strings in Resources */ = {isa = PBXBuildFile; fileRef = A324B2DD18E24A4600261C57 /* InfoPlist.strings */; };
		A324B2E118E24A4600261C57 /* main.m in Sources */ = {isa = PBXBuildFile; fileRef = A324B2E018E24A4600261C57 /* main.m */; };
		A324B2E518E24A4600261C57 /* AppDelegate.m in Sources */ = {isa = PBXBuildFile; fileRef = A324B2E418E24A4600261C57 /* AppDelegate.m */; };
		A324B2E818E24A4600261C57 /* Main_iPhone.storyboard in Resources */ = {isa = PBXBuildFile; fileRef = A324B2E618E24A4600261C57 /* Main_iPhone.storyboard */; };
		A324B2EB18E24A4600261C57 /* Main_iPad.storyboard in Resources */ = {isa = PBXBuildFile; fileRef = A324B2E918E24A4600261C57 /* Main_iPad.storyboard */; };
		A324B2F318E24A4600261C57 /* Images.xcassets in Resources */ = {isa = PBXBuildFile; fileRef = A324B2F218E24A4600261C57 /* Images.xcassets */; };
		A324B2FA18E24A4600261C57 /* XCTest.framework in Frameworks */ = {isa = PBXBuildFile; fileRef = A324B2F918E24A4600261C57 /* XCTest.framework */; };
		A324B2FB18E24A4600261C57 /* Foundation.framework in Frameworks */ = {isa = PBXBuildFile; fileRef = A324B2D418E24A4600261C57 /* Foundation.framework */; };
		A324B2FC18E24A4600261C57 /* UIKit.framework in Frameworks */ = {isa = PBXBuildFile; fileRef = A324B2D818E24A4600261C57 /* UIKit.framework */; };
		A324B30418E24A4600261C57 /* InfoPlist.strings in Resources */ = {isa = PBXBuildFile; fileRef = A324B30218E24A4600261C57 /* InfoPlist.strings */; };
		A324B30618E24A4600261C57 /* MedicalProtocolsTests.m in Sources */ = {isa = PBXBuildFile; fileRef = A324B30518E24A4600261C57 /* MedicalProtocolsTests.m */; };
		A324B31F18E4D29000261C57 /* ProtocolMasterViewController.m in Sources */ = {isa = PBXBuildFile; fileRef = A324B31E18E4D29000261C57 /* ProtocolMasterViewController.m */; };
		A324B32218E4D2A900261C57 /* ProtocolDetailViewController.m in Sources */ = {isa = PBXBuildFile; fileRef = A324B32118E4D2A900261C57 /* ProtocolDetailViewController.m */; };
		A324B32A18E4E4E000261C57 /* ProtocolDataController.m in Sources */ = {isa = PBXBuildFile; fileRef = A324B32918E4E4E000261C57 /* ProtocolDataController.m */; };
		A3533FAD18F9A3A300715D2A /* MedRefFirstDetailViewViewController.m in Sources */ = {isa = PBXBuildFile; fileRef = A3533FAC18F9A3A300715D2A /* MedRefFirstDetailViewViewController.m */; };
		A3689B7718E8DE8C0040D6F2 /* ProtocolStep.m in Sources */ = {isa = PBXBuildFile; fileRef = A3689B7618E8DE8C0040D6F2 /* ProtocolStep.m */; };
		A3689B7A18E94D0B0040D6F2 /* Component.m in Sources */ = {isa = PBXBuildFile; fileRef = A3689B7918E94D0B0040D6F2 /* Component.m */; };
		A3689B7F18E94EE60040D6F2 /* TextBlock.m in Sources */ = {isa = PBXBuildFile; fileRef = A3689B7E18E94EE60040D6F2 /* TextBlock.m */; };
		A3689B8218E94EF00040D6F2 /* Link.m in Sources */ = {isa = PBXBuildFile; fileRef = A3689B8118E94EF00040D6F2 /* Link.m */; };
		A3689B8518E94EFC0040D6F2 /* Calculator.m in Sources */ = {isa = PBXBuildFile; fileRef = A3689B8418E94EFC0040D6F2 /* Calculator.m */; };
		A3689B8818E94F0D0040D6F2 /* Form.m in Sources */ = {isa = PBXBuildFile; fileRef = A3689B8718E94F0D0040D6F2 /* Form.m */; };
		A3689B8C18E952BA0040D6F2 /* FormNumber.m in Sources */ = {isa = PBXBuildFile; fileRef = A3689B8B18E952BA0040D6F2 /* FormNumber.m */; };
		A3689B8F18E952C90040D6F2 /* FormSelection.m in Sources */ = {isa = PBXBuildFile; fileRef = A3689B8E18E952C90040D6F2 /* FormSelection.m */; };
		A3A1159B19072F540072E184 /* ComponentCell.m in Sources */ = {isa = PBXBuildFile; fileRef = A3A1159A19072F540072E184 /* ComponentCell.m */; };
		A3A1159D190732E40072E184 /* cancelIcon.png in Resources */ = {isa = PBXBuildFile; fileRef = A3A1159C190732E40072E184 /* cancelIcon.png */; };
		A3B2755F18F8C773001C5027 /* MedRefBaseDetailViewController.m in Sources */ = {isa = PBXBuildFile; fileRef = A3B2755E18F8C773001C5027 /* MedRefBaseDetailViewController.m */; };
		A3B2756818F99BA5001C5027 /* DetailViewControllerSegue.m in Sources */ = {isa = PBXBuildFile; fileRef = A3B2756718F99BA5001C5027 /* DetailViewControllerSegue.m */; };
		A3EBEAE318F08F380016613C /* DataSource.m in Sources */ = {isa = PBXBuildFile; fileRef = A3EBEAE218F08F380016613C /* DataSource.m */; };
		A3EBEAE618F08F610016613C /* ParseDataSource.m in Sources */ = {isa = PBXBuildFile; fileRef = A3EBEAE518F08F610016613C /* ParseDataSource.m */; };
		A3EBEAE818F378E40016613C /* medRef.db in Resources */ = {isa = PBXBuildFile; fileRef = A3EBEAE718F378E40016613C /* medRef.db */; };
		A3EBEB2518F732C50016613C /* SVProgressHUD.bundle in Resources */ = {isa = PBXBuildFile; fileRef = A3EBEB2218F732C50016613C /* SVProgressHUD.bundle */; };
		A3EBEB2618F732C50016613C /* SVProgressHUD.m in Sources */ = {isa = PBXBuildFile; fileRef = A3EBEB2418F732C50016613C /* SVProgressHUD.m */; };
		A3FA341418E8AEBA000D64F8 /* MedProtocol.m in Sources */ = {isa = PBXBuildFile; fileRef = A3FA341318E8AEBA000D64F8 /* MedProtocol.m */; };
		A3FC35AF18FDDE5900D2F75D /* StepBuilderMasterViewController.m in Sources */ = {isa = PBXBuildFile; fileRef = A3FC35AE18FDDE5900D2F75D /* StepBuilderMasterViewController.m */; };
/* End PBXBuildFile section */

/* Begin PBXContainerItemProxy section */
		A324B2FD18E24A4600261C57 /* PBXContainerItemProxy */ = {
			isa = PBXContainerItemProxy;
			containerPortal = A324B2C918E24A4600261C57 /* Project object */;
			proxyType = 1;
			remoteGlobalIDString = A324B2D018E24A4600261C57;
			remoteInfo = MedicalProtocols;
		};
/* End PBXContainerItemProxy section */

/* Begin PBXFileReference section */
		360ABCE318E61181004C815D /* Parse.framework */ = {isa = PBXFileReference; lastKnownFileType = wrapper.framework; path = Parse.framework; sourceTree = "<group>"; };
		360ABCE518E61237004C815D /* AudioToolbox.framework */ = {isa = PBXFileReference; lastKnownFileType = wrapper.framework; name = AudioToolbox.framework; path = System/Library/Frameworks/AudioToolbox.framework; sourceTree = SDKROOT; };
		360ABCE718E61240004C815D /* CFNetwork.framework */ = {isa = PBXFileReference; lastKnownFileType = wrapper.framework; name = CFNetwork.framework; path = System/Library/Frameworks/CFNetwork.framework; sourceTree = SDKROOT; };
		360ABCE918E61251004C815D /* CoreLocation.framework */ = {isa = PBXFileReference; lastKnownFileType = wrapper.framework; name = CoreLocation.framework; path = System/Library/Frameworks/CoreLocation.framework; sourceTree = SDKROOT; };
		360ABCEB18E61279004C815D /* libz.dylib */ = {isa = PBXFileReference; lastKnownFileType = "compiled.mach-o.dylib"; name = libz.dylib; path = usr/lib/libz.dylib; sourceTree = SDKROOT; };
		360ABCED18E61288004C815D /* MobileCoreServices.framework */ = {isa = PBXFileReference; lastKnownFileType = wrapper.framework; name = MobileCoreServices.framework; path = System/Library/Frameworks/MobileCoreServices.framework; sourceTree = SDKROOT; };
		360ABCEF18E61294004C815D /* QuartzCore.framework */ = {isa = PBXFileReference; lastKnownFileType = wrapper.framework; name = QuartzCore.framework; path = System/Library/Frameworks/QuartzCore.framework; sourceTree = SDKROOT; };
		360ABCF118E6129F004C815D /* Security.framework */ = {isa = PBXFileReference; lastKnownFileType = wrapper.framework; name = Security.framework; path = System/Library/Frameworks/Security.framework; sourceTree = SDKROOT; };
		360ABCF318E612AA004C815D /* StoreKit.framework */ = {isa = PBXFileReference; lastKnownFileType = wrapper.framework; name = StoreKit.framework; path = System/Library/Frameworks/StoreKit.framework; sourceTree = SDKROOT; };
		360ABCF518E612B5004C815D /* SystemConfiguration.framework */ = {isa = PBXFileReference; lastKnownFileType = wrapper.framework; name = SystemConfiguration.framework; path = System/Library/Frameworks/SystemConfiguration.framework; sourceTree = SDKROOT; };
		361A2D7418ECDF5F0030D688 /* FMDatabase.h */ = {isa = PBXFileReference; fileEncoding = 4; lastKnownFileType = sourcecode.c.h; path = FMDatabase.h; sourceTree = "<group>"; };
		361A2D7518ECDF5F0030D688 /* FMDatabase.m */ = {isa = PBXFileReference; fileEncoding = 4; lastKnownFileType = sourcecode.c.objc; path = FMDatabase.m; sourceTree = "<group>"; };
		361A2D7618ECDF5F0030D688 /* FMDatabaseAdditions.h */ = {isa = PBXFileReference; fileEncoding = 4; lastKnownFileType = sourcecode.c.h; path = FMDatabaseAdditions.h; sourceTree = "<group>"; };
		361A2D7718ECDF5F0030D688 /* FMDatabaseAdditions.m */ = {isa = PBXFileReference; fileEncoding = 4; lastKnownFileType = sourcecode.c.objc; path = FMDatabaseAdditions.m; sourceTree = "<group>"; };
		361A2D7818ECDF5F0030D688 /* FMDatabasePool.h */ = {isa = PBXFileReference; fileEncoding = 4; lastKnownFileType = sourcecode.c.h; path = FMDatabasePool.h; sourceTree = "<group>"; };
		361A2D7918ECDF5F0030D688 /* FMDatabasePool.m */ = {isa = PBXFileReference; fileEncoding = 4; lastKnownFileType = sourcecode.c.objc; path = FMDatabasePool.m; sourceTree = "<group>"; };
		361A2D7A18ECDF5F0030D688 /* FMDatabaseQueue.h */ = {isa = PBXFileReference; fileEncoding = 4; lastKnownFileType = sourcecode.c.h; path = FMDatabaseQueue.h; sourceTree = "<group>"; };
		361A2D7B18ECDF5F0030D688 /* FMDatabaseQueue.m */ = {isa = PBXFileReference; fileEncoding = 4; lastKnownFileType = sourcecode.c.objc; path = FMDatabaseQueue.m; sourceTree = "<group>"; };
		361A2D7C18ECDF5F0030D688 /* FMDB.h */ = {isa = PBXFileReference; fileEncoding = 4; lastKnownFileType = sourcecode.c.h; path = FMDB.h; sourceTree = "<group>"; };
		361A2D7D18ECDF5F0030D688 /* FMResultSet.h */ = {isa = PBXFileReference; fileEncoding = 4; lastKnownFileType = sourcecode.c.h; path = FMResultSet.h; sourceTree = "<group>"; };
		361A2D7E18ECDF5F0030D688 /* FMResultSet.m */ = {isa = PBXFileReference; fileEncoding = 4; lastKnownFileType = sourcecode.c.objc; path = FMResultSet.m; sourceTree = "<group>"; };
		365526D118E8EC77009E276D /* afibImage.png */ = {isa = PBXFileReference; lastKnownFileType = image.png; path = afibImage.png; sourceTree = SOURCE_ROOT; };
		36EE19ED1901F06F004CDE57 /* ComponentModalViewController.h */ = {isa = PBXFileReference; fileEncoding = 4; lastKnownFileType = sourcecode.c.h; path = ComponentModalViewController.h; sourceTree = "<group>"; };
		36EE19EE1901F06F004CDE57 /* ComponentModalViewController.m */ = {isa = PBXFileReference; fileEncoding = 4; lastKnownFileType = sourcecode.c.objc; path = ComponentModalViewController.m; sourceTree = "<group>"; };
		89756D4D18ECCBB20006321C /* medRef.sql */ = {isa = PBXFileReference; fileEncoding = 4; lastKnownFileType = text; path = medRef.sql; sourceTree = "<group>"; };
		8976C4AD18FDDBD500DECF27 /* FormNumberView.h */ = {isa = PBXFileReference; fileEncoding = 4; lastKnownFileType = sourcecode.c.h; path = FormNumberView.h; sourceTree = "<group>"; };
		8976C4AE18FDDBD500DECF27 /* FormNumberView.m */ = {isa = PBXFileReference; fileEncoding = 4; lastKnownFileType = sourcecode.c.objc; path = FormNumberView.m; sourceTree = "<group>"; };
		8976C4B018FDDBEA00DECF27 /* FormSelectionView.h */ = {isa = PBXFileReference; fileEncoding = 4; lastKnownFileType = sourcecode.c.h; path = FormSelectionView.h; sourceTree = "<group>"; };
		8976C4B118FDDBEA00DECF27 /* FormSelectionView.m */ = {isa = PBXFileReference; fileEncoding = 4; lastKnownFileType = sourcecode.c.objc; path = FormSelectionView.m; sourceTree = "<group>"; };
		8976C4B318FDDF6900DECF27 /* FormComponent.h */ = {isa = PBXFileReference; fileEncoding = 4; lastKnownFileType = sourcecode.c.h; path = FormComponent.h; sourceTree = "<group>"; };
		8976C4B418FDDF6900DECF27 /* FormComponent.m */ = {isa = PBXFileReference; fileEncoding = 4; lastKnownFileType = sourcecode.c.objc; path = FormComponent.m; sourceTree = "<group>"; };
		8976C4B618FDE2A200DECF27 /* FormComponentView.h */ = {isa = PBXFileReference; fileEncoding = 4; lastKnownFileType = sourcecode.c.h; path = FormComponentView.h; sourceTree = "<group>"; };
		8976C4B718FDE2A200DECF27 /* FormComponentView.m */ = {isa = PBXFileReference; fileEncoding = 4; lastKnownFileType = sourcecode.c.objc; path = FormComponentView.m; sourceTree = "<group>"; };
		8976C4BA18FDE58200DECF27 /* RadioButton.h */ = {isa = PBXFileReference; fileEncoding = 4; lastKnownFileType = sourcecode.c.h; path = RadioButton.h; sourceTree = "<group>"; };
		8976C4BB18FDE58200DECF27 /* RadioButton.m */ = {isa = PBXFileReference; fileEncoding = 4; lastKnownFileType = sourcecode.c.objc; path = RadioButton.m; sourceTree = "<group>"; };
		8976C4BD18FDE72200DECF27 /* checked.png */ = {isa = PBXFileReference; lastKnownFileType = image.png; path = checked.png; sourceTree = "<group>"; };
		8976C4BF18FDE72700DECF27 /* unchecked.png */ = {isa = PBXFileReference; lastKnownFileType = image.png; path = unchecked.png; sourceTree = "<group>"; };
		89A41F3F18EF5C9A00CA871F /* sqlObjectCreateDummyCode.h */ = {isa = PBXFileReference; lastKnownFileType = sourcecode.c.h; path = sqlObjectCreateDummyCode.h; sourceTree = "<group>"; };
		89AC2BA718F9D5B700BC4BC2 /* ComponentView.h */ = {isa = PBXFileReference; fileEncoding = 4; lastKnownFileType = sourcecode.c.h; name = ComponentView.h; path = ../ComponentView.h; sourceTree = "<group>"; };
		89AC2BA818F9D5B700BC4BC2 /* ComponentView.m */ = {isa = PBXFileReference; fileEncoding = 4; lastKnownFileType = sourcecode.c.objc; name = ComponentView.m; path = ../ComponentView.m; sourceTree = "<group>"; };
		89AC2BAA18F9E14C00BC4BC2 /* FormView.h */ = {isa = PBXFileReference; fileEncoding = 4; lastKnownFileType = sourcecode.c.h; path = FormView.h; sourceTree = "<group>"; };
		89AC2BAB18F9E14C00BC4BC2 /* FormView.m */ = {isa = PBXFileReference; fileEncoding = 4; lastKnownFileType = sourcecode.c.objc; path = FormView.m; sourceTree = "<group>"; };
		89AC2BAD18F9E16100BC4BC2 /* LinkView.h */ = {isa = PBXFileReference; fileEncoding = 4; lastKnownFileType = sourcecode.c.h; path = LinkView.h; sourceTree = "<group>"; };
		89AC2BAE18F9E16100BC4BC2 /* LinkView.m */ = {isa = PBXFileReference; fileEncoding = 4; lastKnownFileType = sourcecode.c.objc; path = LinkView.m; sourceTree = "<group>"; };
		89AC2BB018F9E17300BC4BC2 /* CalculatorView.h */ = {isa = PBXFileReference; fileEncoding = 4; lastKnownFileType = sourcecode.c.h; path = CalculatorView.h; sourceTree = "<group>"; };
		89AC2BB118F9E17300BC4BC2 /* CalculatorView.m */ = {isa = PBXFileReference; fileEncoding = 4; lastKnownFileType = sourcecode.c.objc; path = CalculatorView.m; sourceTree = "<group>"; };
		89AC2BBC18F9FBE400BC4BC2 /* TextBlockView.h */ = {isa = PBXFileReference; fileEncoding = 4; lastKnownFileType = sourcecode.c.h; path = TextBlockView.h; sourceTree = "<group>"; };
		89AC2BBD18F9FBE400BC4BC2 /* TextBlockView.m */ = {isa = PBXFileReference; fileEncoding = 4; lastKnownFileType = sourcecode.c.objc; path = TextBlockView.m; sourceTree = "<group>"; };
		89C6500018E8DB81004553E9 /* libsqlite3.dylib */ = {isa = PBXFileReference; lastKnownFileType = "compiled.mach-o.dylib"; name = libsqlite3.dylib; path = usr/lib/libsqlite3.dylib; sourceTree = SDKROOT; };
		89C6501518E8DE66004553E9 /* LocalDB.h */ = {isa = PBXFileReference; fileEncoding = 4; lastKnownFileType = sourcecode.c.h; path = LocalDB.h; sourceTree = "<group>"; };
		89C6501618E8DE66004553E9 /* LocalDB.m */ = {isa = PBXFileReference; fileEncoding = 4; lastKnownFileType = sourcecode.c.objc; path = LocalDB.m; sourceTree = "<group>"; };
		A302F60618ECDC830065D42E /* StepMasterViewController.h */ = {isa = PBXFileReference; fileEncoding = 4; lastKnownFileType = sourcecode.c.h; path = StepMasterViewController.h; sourceTree = "<group>"; };
		A302F60718ECDC830065D42E /* StepMasterViewController.m */ = {isa = PBXFileReference; fileEncoding = 4; lastKnownFileType = sourcecode.c.objc; path = StepMasterViewController.m; sourceTree = "<group>"; };
		A324B2D118E24A4600261C57 /* MedicalProtocols.app */ = {isa = PBXFileReference; explicitFileType = wrapper.application; includeInIndex = 0; path = MedicalProtocols.app; sourceTree = BUILT_PRODUCTS_DIR; };
		A324B2D418E24A4600261C57 /* Foundation.framework */ = {isa = PBXFileReference; lastKnownFileType = wrapper.framework; name = Foundation.framework; path = System/Library/Frameworks/Foundation.framework; sourceTree = SDKROOT; };
		A324B2D618E24A4600261C57 /* CoreGraphics.framework */ = {isa = PBXFileReference; lastKnownFileType = wrapper.framework; name = CoreGraphics.framework; path = System/Library/Frameworks/CoreGraphics.framework; sourceTree = SDKROOT; };
		A324B2D818E24A4600261C57 /* UIKit.framework */ = {isa = PBXFileReference; lastKnownFileType = wrapper.framework; name = UIKit.framework; path = System/Library/Frameworks/UIKit.framework; sourceTree = SDKROOT; };
		A324B2DC18E24A4600261C57 /* MedicalProtocols-Info.plist */ = {isa = PBXFileReference; lastKnownFileType = text.plist.xml; path = "MedicalProtocols-Info.plist"; sourceTree = "<group>"; };
		A324B2DE18E24A4600261C57 /* en */ = {isa = PBXFileReference; lastKnownFileType = text.plist.strings; name = en; path = en.lproj/InfoPlist.strings; sourceTree = "<group>"; };
		A324B2E018E24A4600261C57 /* main.m */ = {isa = PBXFileReference; lastKnownFileType = sourcecode.c.objc; path = main.m; sourceTree = "<group>"; };
		A324B2E218E24A4600261C57 /* MedicalProtocols-Prefix.pch */ = {isa = PBXFileReference; lastKnownFileType = sourcecode.c.h; path = "MedicalProtocols-Prefix.pch"; sourceTree = "<group>"; };
		A324B2E318E24A4600261C57 /* AppDelegate.h */ = {isa = PBXFileReference; lastKnownFileType = sourcecode.c.h; path = AppDelegate.h; sourceTree = "<group>"; };
		A324B2E418E24A4600261C57 /* AppDelegate.m */ = {isa = PBXFileReference; lastKnownFileType = sourcecode.c.objc; path = AppDelegate.m; sourceTree = "<group>"; };
		A324B2E718E24A4600261C57 /* Base */ = {isa = PBXFileReference; lastKnownFileType = file.storyboard; name = Base; path = Base.lproj/Main_iPhone.storyboard; sourceTree = "<group>"; };
		A324B2EA18E24A4600261C57 /* Base */ = {isa = PBXFileReference; lastKnownFileType = file.storyboard; name = Base; path = Base.lproj/Main_iPad.storyboard; sourceTree = "<group>"; };
		A324B2F218E24A4600261C57 /* Images.xcassets */ = {isa = PBXFileReference; lastKnownFileType = folder.assetcatalog; path = Images.xcassets; sourceTree = "<group>"; };
		A324B2F818E24A4600261C57 /* MedicalProtocolsTests.xctest */ = {isa = PBXFileReference; explicitFileType = wrapper.cfbundle; includeInIndex = 0; path = MedicalProtocolsTests.xctest; sourceTree = BUILT_PRODUCTS_DIR; };
		A324B2F918E24A4600261C57 /* XCTest.framework */ = {isa = PBXFileReference; lastKnownFileType = wrapper.framework; name = XCTest.framework; path = Library/Frameworks/XCTest.framework; sourceTree = DEVELOPER_DIR; };
		A324B30118E24A4600261C57 /* MedicalProtocolsTests-Info.plist */ = {isa = PBXFileReference; lastKnownFileType = text.plist.xml; path = "MedicalProtocolsTests-Info.plist"; sourceTree = "<group>"; };
		A324B30318E24A4600261C57 /* en */ = {isa = PBXFileReference; lastKnownFileType = text.plist.strings; name = en; path = en.lproj/InfoPlist.strings; sourceTree = "<group>"; };
		A324B30518E24A4600261C57 /* MedicalProtocolsTests.m */ = {isa = PBXFileReference; lastKnownFileType = sourcecode.c.objc; path = MedicalProtocolsTests.m; sourceTree = "<group>"; };
		A324B31D18E4D29000261C57 /* ProtocolMasterViewController.h */ = {isa = PBXFileReference; fileEncoding = 4; lastKnownFileType = sourcecode.c.h; path = ProtocolMasterViewController.h; sourceTree = "<group>"; };
		A324B31E18E4D29000261C57 /* ProtocolMasterViewController.m */ = {isa = PBXFileReference; fileEncoding = 4; lastKnownFileType = sourcecode.c.objc; path = ProtocolMasterViewController.m; sourceTree = "<group>"; };
		A324B32018E4D2A900261C57 /* ProtocolDetailViewController.h */ = {isa = PBXFileReference; fileEncoding = 4; lastKnownFileType = sourcecode.c.h; path = ProtocolDetailViewController.h; sourceTree = "<group>"; };
		A324B32118E4D2A900261C57 /* ProtocolDetailViewController.m */ = {isa = PBXFileReference; fileEncoding = 4; lastKnownFileType = sourcecode.c.objc; path = ProtocolDetailViewController.m; sourceTree = "<group>"; };
		A324B32818E4E4E000261C57 /* ProtocolDataController.h */ = {isa = PBXFileReference; fileEncoding = 4; lastKnownFileType = sourcecode.c.h; path = ProtocolDataController.h; sourceTree = "<group>"; };
		A324B32918E4E4E000261C57 /* ProtocolDataController.m */ = {isa = PBXFileReference; fileEncoding = 4; lastKnownFileType = sourcecode.c.objc; path = ProtocolDataController.m; sourceTree = "<group>"; };
		A3533FAB18F9A3A300715D2A /* MedRefFirstDetailViewViewController.h */ = {isa = PBXFileReference; fileEncoding = 4; lastKnownFileType = sourcecode.c.h; path = MedRefFirstDetailViewViewController.h; sourceTree = "<group>"; };
		A3533FAC18F9A3A300715D2A /* MedRefFirstDetailViewViewController.m */ = {isa = PBXFileReference; fileEncoding = 4; lastKnownFileType = sourcecode.c.objc; path = MedRefFirstDetailViewViewController.m; sourceTree = "<group>"; };
		A362A68718EE38DB00148BD6 /* parseCreationScript.h */ = {isa = PBXFileReference; fileEncoding = 4; lastKnownFileType = sourcecode.c.h; path = parseCreationScript.h; sourceTree = "<group>"; };
		A3689B7518E8DE8C0040D6F2 /* ProtocolStep.h */ = {isa = PBXFileReference; fileEncoding = 4; lastKnownFileType = sourcecode.c.h; path = ProtocolStep.h; sourceTree = "<group>"; };
		A3689B7618E8DE8C0040D6F2 /* ProtocolStep.m */ = {isa = PBXFileReference; fileEncoding = 4; lastKnownFileType = sourcecode.c.objc; path = ProtocolStep.m; sourceTree = "<group>"; };
		A3689B7818E94D0A0040D6F2 /* Component.h */ = {isa = PBXFileReference; fileEncoding = 4; lastKnownFileType = sourcecode.c.h; path = Component.h; sourceTree = "<group>"; };
		A3689B7918E94D0B0040D6F2 /* Component.m */ = {isa = PBXFileReference; fileEncoding = 4; lastKnownFileType = sourcecode.c.objc; path = Component.m; sourceTree = "<group>"; };
		A3689B7D18E94EE60040D6F2 /* TextBlock.h */ = {isa = PBXFileReference; fileEncoding = 4; lastKnownFileType = sourcecode.c.h; path = TextBlock.h; sourceTree = "<group>"; };
		A3689B7E18E94EE60040D6F2 /* TextBlock.m */ = {isa = PBXFileReference; fileEncoding = 4; lastKnownFileType = sourcecode.c.objc; path = TextBlock.m; sourceTree = "<group>"; };
		A3689B8018E94EF00040D6F2 /* Link.h */ = {isa = PBXFileReference; fileEncoding = 4; lastKnownFileType = sourcecode.c.h; path = Link.h; sourceTree = "<group>"; };
		A3689B8118E94EF00040D6F2 /* Link.m */ = {isa = PBXFileReference; fileEncoding = 4; lastKnownFileType = sourcecode.c.objc; path = Link.m; sourceTree = "<group>"; };
		A3689B8318E94EFC0040D6F2 /* Calculator.h */ = {isa = PBXFileReference; fileEncoding = 4; lastKnownFileType = sourcecode.c.h; path = Calculator.h; sourceTree = "<group>"; };
		A3689B8418E94EFC0040D6F2 /* Calculator.m */ = {isa = PBXFileReference; fileEncoding = 4; lastKnownFileType = sourcecode.c.objc; path = Calculator.m; sourceTree = "<group>"; };
		A3689B8618E94F0D0040D6F2 /* Form.h */ = {isa = PBXFileReference; fileEncoding = 4; lastKnownFileType = sourcecode.c.h; path = Form.h; sourceTree = "<group>"; };
		A3689B8718E94F0D0040D6F2 /* Form.m */ = {isa = PBXFileReference; fileEncoding = 4; lastKnownFileType = sourcecode.c.objc; path = Form.m; sourceTree = "<group>"; };
		A3689B8A18E952BA0040D6F2 /* FormNumber.h */ = {isa = PBXFileReference; fileEncoding = 4; lastKnownFileType = sourcecode.c.h; path = FormNumber.h; sourceTree = "<group>"; };
		A3689B8B18E952BA0040D6F2 /* FormNumber.m */ = {isa = PBXFileReference; fileEncoding = 4; lastKnownFileType = sourcecode.c.objc; path = FormNumber.m; sourceTree = "<group>"; };
		A3689B8D18E952C90040D6F2 /* FormSelection.h */ = {isa = PBXFileReference; fileEncoding = 4; lastKnownFileType = sourcecode.c.h; path = FormSelection.h; sourceTree = "<group>"; };
		A3689B8E18E952C90040D6F2 /* FormSelection.m */ = {isa = PBXFileReference; fileEncoding = 4; lastKnownFileType = sourcecode.c.objc; path = FormSelection.m; sourceTree = "<group>"; };
		A3A1159919072F540072E184 /* ComponentCell.h */ = {isa = PBXFileReference; fileEncoding = 4; lastKnownFileType = sourcecode.c.h; path = ComponentCell.h; sourceTree = "<group>"; };
		A3A1159A19072F540072E184 /* ComponentCell.m */ = {isa = PBXFileReference; fileEncoding = 4; lastKnownFileType = sourcecode.c.objc; path = ComponentCell.m; sourceTree = "<group>"; };
		A3A1159C190732E40072E184 /* cancelIcon.png */ = {isa = PBXFileReference; lastKnownFileType = image.png; path = cancelIcon.png; sourceTree = "<group>"; };
		A3B2755D18F8C773001C5027 /* MedRefBaseDetailViewController.h */ = {isa = PBXFileReference; fileEncoding = 4; lastKnownFileType = sourcecode.c.h; path = MedRefBaseDetailViewController.h; sourceTree = "<group>"; };
		A3B2755E18F8C773001C5027 /* MedRefBaseDetailViewController.m */ = {isa = PBXFileReference; fileEncoding = 4; lastKnownFileType = sourcecode.c.objc; path = MedRefBaseDetailViewController.m; sourceTree = "<group>"; };
		A3B2756618F99BA5001C5027 /* DetailViewControllerSegue.h */ = {isa = PBXFileReference; fileEncoding = 4; lastKnownFileType = sourcecode.c.h; path = DetailViewControllerSegue.h; sourceTree = "<group>"; };
		A3B2756718F99BA5001C5027 /* DetailViewControllerSegue.m */ = {isa = PBXFileReference; fileEncoding = 4; lastKnownFileType = sourcecode.c.objc; path = DetailViewControllerSegue.m; sourceTree = "<group>"; };
		A3EBEAE118F08F380016613C /* DataSource.h */ = {isa = PBXFileReference; fileEncoding = 4; lastKnownFileType = sourcecode.c.h; path = DataSource.h; sourceTree = "<group>"; };
		A3EBEAE218F08F380016613C /* DataSource.m */ = {isa = PBXFileReference; fileEncoding = 4; lastKnownFileType = sourcecode.c.objc; path = DataSource.m; sourceTree = "<group>"; };
		A3EBEAE418F08F610016613C /* ParseDataSource.h */ = {isa = PBXFileReference; fileEncoding = 4; lastKnownFileType = sourcecode.c.h; path = ParseDataSource.h; sourceTree = "<group>"; };
		A3EBEAE518F08F610016613C /* ParseDataSource.m */ = {isa = PBXFileReference; fileEncoding = 4; lastKnownFileType = sourcecode.c.objc; path = ParseDataSource.m; sourceTree = "<group>"; };
		A3EBEAE718F378E40016613C /* medRef.db */ = {isa = PBXFileReference; lastKnownFileType = file; path = medRef.db; sourceTree = "<group>"; };
		A3EBEAED18F4921A0016613C /* DataSourceProtocols.h */ = {isa = PBXFileReference; lastKnownFileType = sourcecode.c.h; path = DataSourceProtocols.h; sourceTree = "<group>"; };
		A3EBEB2118F732C50016613C /* SVProgressHUD-Prefix.pch */ = {isa = PBXFileReference; fileEncoding = 4; lastKnownFileType = sourcecode.c.h; path = "SVProgressHUD-Prefix.pch"; sourceTree = "<group>"; };
		A3EBEB2218F732C50016613C /* SVProgressHUD.bundle */ = {isa = PBXFileReference; lastKnownFileType = "wrapper.plug-in"; path = SVProgressHUD.bundle; sourceTree = "<group>"; };
		A3EBEB2318F732C50016613C /* SVProgressHUD.h */ = {isa = PBXFileReference; fileEncoding = 4; lastKnownFileType = sourcecode.c.h; path = SVProgressHUD.h; sourceTree = "<group>"; };
		A3EBEB2418F732C50016613C /* SVProgressHUD.m */ = {isa = PBXFileReference; fileEncoding = 4; lastKnownFileType = sourcecode.c.objc; path = SVProgressHUD.m; sourceTree = "<group>"; };
		A3FA341218E8AEBA000D64F8 /* MedProtocol.h */ = {isa = PBXFileReference; fileEncoding = 4; lastKnownFileType = sourcecode.c.h; path = MedProtocol.h; sourceTree = "<group>"; };
		A3FA341318E8AEBA000D64F8 /* MedProtocol.m */ = {isa = PBXFileReference; fileEncoding = 4; lastKnownFileType = sourcecode.c.objc; path = MedProtocol.m; sourceTree = "<group>"; };
		A3FC35AD18FDDE5900D2F75D /* StepBuilderMasterViewController.h */ = {isa = PBXFileReference; fileEncoding = 4; lastKnownFileType = sourcecode.c.h; path = StepBuilderMasterViewController.h; sourceTree = "<group>"; };
		A3FC35AE18FDDE5900D2F75D /* StepBuilderMasterViewController.m */ = {isa = PBXFileReference; fileEncoding = 4; lastKnownFileType = sourcecode.c.objc; path = StepBuilderMasterViewController.m; sourceTree = "<group>"; };
/* End PBXFileReference section */

/* Begin PBXFrameworksBuildPhase section */
		A324B2CE18E24A4600261C57 /* Frameworks */ = {
			isa = PBXFrameworksBuildPhase;
			buildActionMask = 2147483647;
			files = (
				360ABCF018E61294004C815D /* QuartzCore.framework in Frameworks */,
				89C6500118E8DB81004553E9 /* libsqlite3.dylib in Frameworks */,
				360ABCF618E612B5004C815D /* SystemConfiguration.framework in Frameworks */,
				360ABCF418E612AA004C815D /* StoreKit.framework in Frameworks */,
				360ABCF218E6129F004C815D /* Security.framework in Frameworks */,
				360ABCEE18E61288004C815D /* MobileCoreServices.framework in Frameworks */,
				360ABCEC18E61279004C815D /* libz.dylib in Frameworks */,
				360ABCEA18E61251004C815D /* CoreLocation.framework in Frameworks */,
				A324B2D718E24A4600261C57 /* CoreGraphics.framework in Frameworks */,
				360ABCE818E61240004C815D /* CFNetwork.framework in Frameworks */,
				360ABCE618E61237004C815D /* AudioToolbox.framework in Frameworks */,
				A324B2D918E24A4600261C57 /* UIKit.framework in Frameworks */,
				360ABCE418E61181004C815D /* Parse.framework in Frameworks */,
				A324B2D518E24A4600261C57 /* Foundation.framework in Frameworks */,
			);
			runOnlyForDeploymentPostprocessing = 0;
		};
		A324B2F518E24A4600261C57 /* Frameworks */ = {
			isa = PBXFrameworksBuildPhase;
			buildActionMask = 2147483647;
			files = (
				A324B2FA18E24A4600261C57 /* XCTest.framework in Frameworks */,
				A324B2FC18E24A4600261C57 /* UIKit.framework in Frameworks */,
				A324B2FB18E24A4600261C57 /* Foundation.framework in Frameworks */,
			);
			runOnlyForDeploymentPostprocessing = 0;
		};
/* End PBXFrameworksBuildPhase section */

/* Begin PBXGroup section */
		361A2D7318ECDF5F0030D688 /* fmdb */ = {
			isa = PBXGroup;
			children = (
				361A2D7418ECDF5F0030D688 /* FMDatabase.h */,
				361A2D7518ECDF5F0030D688 /* FMDatabase.m */,
				361A2D7618ECDF5F0030D688 /* FMDatabaseAdditions.h */,
				361A2D7718ECDF5F0030D688 /* FMDatabaseAdditions.m */,
				361A2D7818ECDF5F0030D688 /* FMDatabasePool.h */,
				361A2D7918ECDF5F0030D688 /* FMDatabasePool.m */,
				361A2D7A18ECDF5F0030D688 /* FMDatabaseQueue.h */,
				361A2D7B18ECDF5F0030D688 /* FMDatabaseQueue.m */,
				361A2D7C18ECDF5F0030D688 /* FMDB.h */,
				361A2D7D18ECDF5F0030D688 /* FMResultSet.h */,
				361A2D7E18ECDF5F0030D688 /* FMResultSet.m */,
			);
			path = fmdb;
			sourceTree = "<group>";
		};
		8976C4AC18FDDBAD00DECF27 /* FormComponentViews */ = {
			isa = PBXGroup;
			children = (
				8976C4B618FDE2A200DECF27 /* FormComponentView.h */,
				8976C4B718FDE2A200DECF27 /* FormComponentView.m */,
				8976C4AD18FDDBD500DECF27 /* FormNumberView.h */,
				8976C4AE18FDDBD500DECF27 /* FormNumberView.m */,
				8976C4B018FDDBEA00DECF27 /* FormSelectionView.h */,
				8976C4B118FDDBEA00DECF27 /* FormSelectionView.m */,
				8976C4B918FDE57400DECF27 /* RadioButton */,
			);
			name = FormComponentViews;
			sourceTree = "<group>";
		};
		8976C4B918FDE57400DECF27 /* RadioButton */ = {
			isa = PBXGroup;
			children = (
				8976C4BA18FDE58200DECF27 /* RadioButton.h */,
				8976C4BB18FDE58200DECF27 /* RadioButton.m */,
			);
			name = RadioButton;
			sourceTree = "<group>";
		};
		89AC2BA018F9D2F700BC4BC2 /* ComponentViews */ = {
			isa = PBXGroup;
			children = (
				A3A1159F190749820072E184 /* collectionCellViews */,
			);
			name = ComponentViews;
			sourceTree = "<group>";
		};
		89C64FFF18E8DB06004553E9 /* LocalDatabase */ = {
			isa = PBXGroup;
			children = (
				361A2D7318ECDF5F0030D688 /* fmdb */,
				89C6501518E8DE66004553E9 /* LocalDB.h */,
				89C6501618E8DE66004553E9 /* LocalDB.m */,
			);
			name = LocalDatabase;
			sourceTree = "<group>";
		};
		A324B2C818E24A4600261C57 = {
			isa = PBXGroup;
			children = (
				A324B2DA18E24A4600261C57 /* MedicalProtocols */,
				A324B2FF18E24A4600261C57 /* MedicalProtocolsTests */,
				A324B2D318E24A4600261C57 /* Frameworks */,
				A324B2D218E24A4600261C57 /* Products */,
			);
			sourceTree = "<group>";
		};
		A324B2D218E24A4600261C57 /* Products */ = {
			isa = PBXGroup;
			children = (
				A324B2D118E24A4600261C57 /* MedicalProtocols.app */,
				A324B2F818E24A4600261C57 /* MedicalProtocolsTests.xctest */,
			);
			name = Products;
			sourceTree = "<group>";
		};
		A324B2D318E24A4600261C57 /* Frameworks */ = {
			isa = PBXGroup;
			children = (
				89C6500018E8DB81004553E9 /* libsqlite3.dylib */,
				360ABCE318E61181004C815D /* Parse.framework */,
				360ABCF518E612B5004C815D /* SystemConfiguration.framework */,
				360ABCF318E612AA004C815D /* StoreKit.framework */,
				360ABCF118E6129F004C815D /* Security.framework */,
				360ABCEF18E61294004C815D /* QuartzCore.framework */,
				360ABCED18E61288004C815D /* MobileCoreServices.framework */,
				360ABCEB18E61279004C815D /* libz.dylib */,
				360ABCE918E61251004C815D /* CoreLocation.framework */,
				360ABCE718E61240004C815D /* CFNetwork.framework */,
				360ABCE518E61237004C815D /* AudioToolbox.framework */,
				A324B2D418E24A4600261C57 /* Foundation.framework */,
				A324B2D618E24A4600261C57 /* CoreGraphics.framework */,
				A324B2D818E24A4600261C57 /* UIKit.framework */,
				A324B2F918E24A4600261C57 /* XCTest.framework */,
			);
			name = Frameworks;
			sourceTree = "<group>";
		};
		A324B2DA18E24A4600261C57 /* MedicalProtocols */ = {
			isa = PBXGroup;
			children = (
				A3B2755518F8C604001C5027 /* ViewControllers */,
				A324B31118E24ADB00261C57 /* Data */,
				A324B2E318E24A4600261C57 /* AppDelegate.h */,
				A324B2E418E24A4600261C57 /* AppDelegate.m */,
				A324B2E618E24A4600261C57 /* Main_iPhone.storyboard */,
				A324B2E918E24A4600261C57 /* Main_iPad.storyboard */,
				A324B2F218E24A4600261C57 /* Images.xcassets */,
				A3EBEB2018F732C50016613C /* SVProgressHUD */,
				A324B2DB18E24A4600261C57 /* Supporting Files */,
			);
			path = MedicalProtocols;
			sourceTree = "<group>";
		};
		A324B2DB18E24A4600261C57 /* Supporting Files */ = {
			isa = PBXGroup;
			children = (
				A3A1159C190732E40072E184 /* cancelIcon.png */,
				A3EBEAE718F378E40016613C /* medRef.db */,
				89756D4D18ECCBB20006321C /* medRef.sql */,
				8976C4BD18FDE72200DECF27 /* checked.png */,
				8976C4BF18FDE72700DECF27 /* unchecked.png */,
				365526D118E8EC77009E276D /* afibImage.png */,
				A324B32B18E4EA5C00261C57 /* DataFiles */,
				A324B2DC18E24A4600261C57 /* MedicalProtocols-Info.plist */,
				A324B2DD18E24A4600261C57 /* InfoPlist.strings */,
				A324B2E018E24A4600261C57 /* main.m */,
				A324B2E218E24A4600261C57 /* MedicalProtocols-Prefix.pch */,
			);
			name = "Supporting Files";
			sourceTree = "<group>";
		};
		A324B2FF18E24A4600261C57 /* MedicalProtocolsTests */ = {
			isa = PBXGroup;
			children = (
				A324B30518E24A4600261C57 /* MedicalProtocolsTests.m */,
				A324B30018E24A4600261C57 /* Supporting Files */,
			);
			path = MedicalProtocolsTests;
			sourceTree = "<group>";
		};
		A324B30018E24A4600261C57 /* Supporting Files */ = {
			isa = PBXGroup;
			children = (
				A324B30118E24A4600261C57 /* MedicalProtocolsTests-Info.plist */,
				A324B30218E24A4600261C57 /* InfoPlist.strings */,
			);
			name = "Supporting Files";
			sourceTree = "<group>";
		};
		A324B30F18E24AC600261C57 /* DetailViews */ = {
			isa = PBXGroup;
			children = (
				A3B2756618F99BA5001C5027 /* DetailViewControllerSegue.h */,
				A3B2756718F99BA5001C5027 /* DetailViewControllerSegue.m */,
				A3B2755D18F8C773001C5027 /* MedRefBaseDetailViewController.h */,
				A3B2755E18F8C773001C5027 /* MedRefBaseDetailViewController.m */,
				A3533FAB18F9A3A300715D2A /* MedRefFirstDetailViewViewController.h */,
				A3533FAC18F9A3A300715D2A /* MedRefFirstDetailViewViewController.m */,
				A324B32018E4D2A900261C57 /* ProtocolDetailViewController.h */,
				A324B32118E4D2A900261C57 /* ProtocolDetailViewController.m */,
				A3A1159919072F540072E184 /* ComponentCell.h */,
				A3A1159A19072F540072E184 /* ComponentCell.m */,
			);
			name = DetailViews;
			sourceTree = "<group>";
		};
		A324B31018E24AD200261C57 /* MasterViews */ = {
			isa = PBXGroup;
			children = (
				A324B31D18E4D29000261C57 /* ProtocolMasterViewController.h */,
				A324B31E18E4D29000261C57 /* ProtocolMasterViewController.m */,
				A302F60618ECDC830065D42E /* StepMasterViewController.h */,
				A302F60718ECDC830065D42E /* StepMasterViewController.m */,
				A3FC35AD18FDDE5900D2F75D /* StepBuilderMasterViewController.h */,
				A3FC35AE18FDDE5900D2F75D /* StepBuilderMasterViewController.m */,
			);
			name = MasterViews;
			sourceTree = "<group>";
		};
		A324B31118E24ADB00261C57 /* Data */ = {
			isa = PBXGroup;
			children = (
				A362A68718EE38DB00148BD6 /* parseCreationScript.h */,
				89A41F3F18EF5C9A00CA871F /* sqlObjectCreateDummyCode.h */,
				A324B32818E4E4E000261C57 /* ProtocolDataController.h */,
				A324B32918E4E4E000261C57 /* ProtocolDataController.m */,
				A3EBEADD18F08EF10016613C /* DataSource */,
				A3EBEADB18F08ECF0016613C /* DataObjects */,
			);
			name = Data;
			sourceTree = "<group>";
		};
		A324B32B18E4EA5C00261C57 /* DataFiles */ = {
			isa = PBXGroup;
			children = (
			);
			name = DataFiles;
			sourceTree = "<group>";
		};
		A3689B7B18E94EB70040D6F2 /* Components */ = {
			isa = PBXGroup;
			children = (
				A3689B7818E94D0A0040D6F2 /* Component.h */,
				A3689B7918E94D0B0040D6F2 /* Component.m */,
				A3689B7D18E94EE60040D6F2 /* TextBlock.h */,
				A3689B7E18E94EE60040D6F2 /* TextBlock.m */,
				A3689B8018E94EF00040D6F2 /* Link.h */,
				A3689B8118E94EF00040D6F2 /* Link.m */,
				A3689B8318E94EFC0040D6F2 /* Calculator.h */,
				A3689B8418E94EFC0040D6F2 /* Calculator.m */,
				A3689B8918E9529B0040D6F2 /* Forms */,
			);
			name = Components;
			sourceTree = "<group>";
		};
		A3689B8918E9529B0040D6F2 /* Forms */ = {
			isa = PBXGroup;
			children = (
				A3689B8618E94F0D0040D6F2 /* Form.h */,
				A3689B8718E94F0D0040D6F2 /* Form.m */,
				A3689B8A18E952BA0040D6F2 /* FormNumber.h */,
				A3689B8B18E952BA0040D6F2 /* FormNumber.m */,
				8976C4B318FDDF6900DECF27 /* FormComponent.h */,
				8976C4B418FDDF6900DECF27 /* FormComponent.m */,
				A3689B8D18E952C90040D6F2 /* FormSelection.h */,
				A3689B8E18E952C90040D6F2 /* FormSelection.m */,
			);
			name = Forms;
			sourceTree = "<group>";
		};
		A3A1159E1907482B0072E184 /* Modal Views */ = {
			isa = PBXGroup;
			children = (
				36EE19ED1901F06F004CDE57 /* ComponentModalViewController.h */,
				36EE19EE1901F06F004CDE57 /* ComponentModalViewController.m */,
			);
			name = "Modal Views";
			sourceTree = "<group>";
		};
		A3A1159F190749820072E184 /* collectionCellViews */ = {
			isa = PBXGroup;
			children = (
				89AC2BA718F9D5B700BC4BC2 /* ComponentView.h */,
				89AC2BA818F9D5B700BC4BC2 /* ComponentView.m */,
				89AC2BAA18F9E14C00BC4BC2 /* FormView.h */,
				89AC2BAB18F9E14C00BC4BC2 /* FormView.m */,
				89AC2BAD18F9E16100BC4BC2 /* LinkView.h */,
				89AC2BAE18F9E16100BC4BC2 /* LinkView.m */,
				89AC2BB018F9E17300BC4BC2 /* CalculatorView.h */,
				89AC2BB118F9E17300BC4BC2 /* CalculatorView.m */,
				89AC2BBC18F9FBE400BC4BC2 /* TextBlockView.h */,
				89AC2BBD18F9FBE400BC4BC2 /* TextBlockView.m */,
				8976C4AC18FDDBAD00DECF27 /* FormComponentViews */,
			);
			name = collectionCellViews;
			sourceTree = "<group>";
		};
		A3B2755518F8C604001C5027 /* ViewControllers */ = {
			isa = PBXGroup;
			children = (
				A3B2755618F8C613001C5027 /* SplitViews */,
				89AC2BA018F9D2F700BC4BC2 /* ComponentViews */,
				A3A1159E1907482B0072E184 /* Modal Views */,
			);
			name = ViewControllers;
			sourceTree = "<group>";
		};
		A3B2755618F8C613001C5027 /* SplitViews */ = {
			isa = PBXGroup;
			children = (
				A324B30F18E24AC600261C57 /* DetailViews */,
				A324B31018E24AD200261C57 /* MasterViews */,
			);
			name = SplitViews;
			sourceTree = "<group>";
		};
		A3EBEADB18F08ECF0016613C /* DataObjects */ = {
			isa = PBXGroup;
			children = (
				A3FA341218E8AEBA000D64F8 /* MedProtocol.h */,
				A3FA341318E8AEBA000D64F8 /* MedProtocol.m */,
				A3689B7518E8DE8C0040D6F2 /* ProtocolStep.h */,
				A3689B7618E8DE8C0040D6F2 /* ProtocolStep.m */,
				A3689B7B18E94EB70040D6F2 /* Components */,
			);
			name = DataObjects;
			sourceTree = "<group>";
		};
		A3EBEADC18F08ED70016613C /* Parse */ = {
			isa = PBXGroup;
			children = (
				A3EBEAE418F08F610016613C /* ParseDataSource.h */,
				A3EBEAE518F08F610016613C /* ParseDataSource.m */,
			);
			name = Parse;
			sourceTree = "<group>";
		};
		A3EBEADD18F08EF10016613C /* DataSource */ = {
			isa = PBXGroup;
			children = (
				A3EBEAED18F4921A0016613C /* DataSourceProtocols.h */,
				A3EBEAE118F08F380016613C /* DataSource.h */,
				A3EBEAE218F08F380016613C /* DataSource.m */,
				89C64FFF18E8DB06004553E9 /* LocalDatabase */,
				A3EBEADC18F08ED70016613C /* Parse */,
			);
			name = DataSource;
			sourceTree = "<group>";
		};
		A3EBEB2018F732C50016613C /* SVProgressHUD */ = {
			isa = PBXGroup;
			children = (
				A3EBEB2118F732C50016613C /* SVProgressHUD-Prefix.pch */,
				A3EBEB2218F732C50016613C /* SVProgressHUD.bundle */,
				A3EBEB2318F732C50016613C /* SVProgressHUD.h */,
				A3EBEB2418F732C50016613C /* SVProgressHUD.m */,
			);
			path = SVProgressHUD;
			sourceTree = "<group>";
		};
/* End PBXGroup section */

/* Begin PBXNativeTarget section */
		A324B2D018E24A4600261C57 /* MedicalProtocols */ = {
			isa = PBXNativeTarget;
			buildConfigurationList = A324B30918E24A4600261C57 /* Build configuration list for PBXNativeTarget "MedicalProtocols" */;
			buildPhases = (
				A324B2CD18E24A4600261C57 /* Sources */,
				A324B2CE18E24A4600261C57 /* Frameworks */,
				A324B2CF18E24A4600261C57 /* Resources */,
			);
			buildRules = (
			);
			dependencies = (
			);
			name = MedicalProtocols;
			productName = MedicalProtocols;
			productReference = A324B2D118E24A4600261C57 /* MedicalProtocols.app */;
			productType = "com.apple.product-type.application";
		};
		A324B2F718E24A4600261C57 /* MedicalProtocolsTests */ = {
			isa = PBXNativeTarget;
			buildConfigurationList = A324B30C18E24A4600261C57 /* Build configuration list for PBXNativeTarget "MedicalProtocolsTests" */;
			buildPhases = (
				A324B2F418E24A4600261C57 /* Sources */,
				A324B2F518E24A4600261C57 /* Frameworks */,
				A324B2F618E24A4600261C57 /* Resources */,
			);
			buildRules = (
			);
			dependencies = (
				A324B2FE18E24A4600261C57 /* PBXTargetDependency */,
			);
			name = MedicalProtocolsTests;
			productName = MedicalProtocolsTests;
			productReference = A324B2F818E24A4600261C57 /* MedicalProtocolsTests.xctest */;
			productType = "com.apple.product-type.bundle.unit-test";
		};
/* End PBXNativeTarget section */

/* Begin PBXProject section */
		A324B2C918E24A4600261C57 /* Project object */ = {
			isa = PBXProject;
			attributes = {
				LastUpgradeCheck = 0510;
				ORGANIZATIONNAME = "Luke Vergos";
				TargetAttributes = {
					A324B2F718E24A4600261C57 = {
						TestTargetID = A324B2D018E24A4600261C57;
					};
				};
			};
			buildConfigurationList = A324B2CC18E24A4600261C57 /* Build configuration list for PBXProject "MedicalProtocols" */;
			compatibilityVersion = "Xcode 3.2";
			developmentRegion = English;
			hasScannedForEncodings = 0;
			knownRegions = (
				en,
				Base,
			);
			mainGroup = A324B2C818E24A4600261C57;
			productRefGroup = A324B2D218E24A4600261C57 /* Products */;
			projectDirPath = "";
			projectRoot = "";
			targets = (
				A324B2D018E24A4600261C57 /* MedicalProtocols */,
				A324B2F718E24A4600261C57 /* MedicalProtocolsTests */,
			);
		};
/* End PBXProject section */

/* Begin PBXResourcesBuildPhase section */
		A324B2CF18E24A4600261C57 /* Resources */ = {
			isa = PBXResourcesBuildPhase;
			buildActionMask = 2147483647;
			files = (
				A3EBEB2518F732C50016613C /* SVProgressHUD.bundle in Resources */,
				A3EBEAE818F378E40016613C /* medRef.db in Resources */,
				A324B2EB18E24A4600261C57 /* Main_iPad.storyboard in Resources */,
				89756D4E18ECCBB20006321C /* medRef.sql in Resources */,
				A324B2F318E24A4600261C57 /* Images.xcassets in Resources */,
				8976C4BE18FDE72200DECF27 /* checked.png in Resources */,
				A324B2E818E24A4600261C57 /* Main_iPhone.storyboard in Resources */,
				8976C4C018FDE72700DECF27 /* unchecked.png in Resources */,
				A3A1159D190732E40072E184 /* cancelIcon.png in Resources */,
				A324B2DF18E24A4600261C57 /* InfoPlist.strings in Resources */,
			);
			runOnlyForDeploymentPostprocessing = 0;
		};
		A324B2F618E24A4600261C57 /* Resources */ = {
			isa = PBXResourcesBuildPhase;
			buildActionMask = 2147483647;
			files = (
				A324B30418E24A4600261C57 /* InfoPlist.strings in Resources */,
			);
			runOnlyForDeploymentPostprocessing = 0;
		};
/* End PBXResourcesBuildPhase section */

/* Begin PBXSourcesBuildPhase section */
		A324B2CD18E24A4600261C57 /* Sources */ = {
			isa = PBXSourcesBuildPhase;
			buildActionMask = 2147483647;
			files = (
				89A41F4118EF627C00CA871F /* LocalDB.m in Sources */,
				A3EBEAE318F08F380016613C /* DataSource.m in Sources */,
				361A2D8518ECDFC20030D688 /* FMDatabase.m in Sources */,
				361A2D8618ECDFC20030D688 /* FMDatabaseAdditions.m in Sources */,
				361A2D8718ECDFC20030D688 /* FMDatabasePool.m in Sources */,
				361A2D8818ECDFC20030D688 /* FMDatabaseQueue.m in Sources */,
				A3B2756818F99BA5001C5027 /* DetailViewControllerSegue.m in Sources */,
				361A2D8918ECDFC20030D688 /* FMResultSet.m in Sources */,
				A3689B7718E8DE8C0040D6F2 /* ProtocolStep.m in Sources */,
				A3689B8518E94EFC0040D6F2 /* Calculator.m in Sources */,
				8976C4B818FDE2A200DECF27 /* FormComponentView.m in Sources */,
				8976C4BC18FDE58200DECF27 /* RadioButton.m in Sources */,
				A3B2755F18F8C773001C5027 /* MedRefBaseDetailViewController.m in Sources */,
				A324B2E518E24A4600261C57 /* AppDelegate.m in Sources */,
				A324B32A18E4E4E000261C57 /* ProtocolDataController.m in Sources */,
				89AC2BB218F9E17300BC4BC2 /* CalculatorView.m in Sources */,
				A3FC35AF18FDDE5900D2F75D /* StepBuilderMasterViewController.m in Sources */,
				89AC2BAF18F9E16100BC4BC2 /* LinkView.m in Sources */,
				A324B31F18E4D29000261C57 /* ProtocolMasterViewController.m in Sources */,
				36EE19EF1901F06F004CDE57 /* ComponentModalViewController.m in Sources */,
				A3EBEB2618F732C50016613C /* SVProgressHUD.m in Sources */,
				A3A1159B19072F540072E184 /* ComponentCell.m in Sources */,
				89AC2BA918F9D5B700BC4BC2 /* ComponentView.m in Sources */,
				A3689B7F18E94EE60040D6F2 /* TextBlock.m in Sources */,
				A3689B8C18E952BA0040D6F2 /* FormNumber.m in Sources */,
				A3689B8818E94F0D0040D6F2 /* Form.m in Sources */,
				8976C4AF18FDDBD500DECF27 /* FormNumberView.m in Sources */,
				89AC2BBE18F9FBE400BC4BC2 /* TextBlockView.m in Sources */,
				A3689B8F18E952C90040D6F2 /* FormSelection.m in Sources */,
				8976C4B518FDDF6900DECF27 /* FormComponent.m in Sources */,
				A324B2E118E24A4600261C57 /* main.m in Sources */,
				8976C4B218FDDBEA00DECF27 /* FormSelectionView.m in Sources */,
				A324B32218E4D2A900261C57 /* ProtocolDetailViewController.m in Sources */,
				89AC2BAC18F9E14C00BC4BC2 /* FormView.m in Sources */,
				A3EBEAE618F08F610016613C /* ParseDataSource.m in Sources */,
				A3533FAD18F9A3A300715D2A /* MedRefFirstDetailViewViewController.m in Sources */,
				A3689B8218E94EF00040D6F2 /* Link.m in Sources */,
				A302F60818ECDC830065D42E /* StepMasterViewController.m in Sources */,
				A3FA341418E8AEBA000D64F8 /* MedProtocol.m in Sources */,
				A3689B7A18E94D0B0040D6F2 /* Component.m in Sources */,
			);
			runOnlyForDeploymentPostprocessing = 0;
		};
		A324B2F418E24A4600261C57 /* Sources */ = {
			isa = PBXSourcesBuildPhase;
			buildActionMask = 2147483647;
			files = (
				A324B30618E24A4600261C57 /* MedicalProtocolsTests.m in Sources */,
			);
			runOnlyForDeploymentPostprocessing = 0;
		};
/* End PBXSourcesBuildPhase section */

/* Begin PBXTargetDependency section */
		A324B2FE18E24A4600261C57 /* PBXTargetDependency */ = {
			isa = PBXTargetDependency;
			target = A324B2D018E24A4600261C57 /* MedicalProtocols */;
			targetProxy = A324B2FD18E24A4600261C57 /* PBXContainerItemProxy */;
		};
/* End PBXTargetDependency section */

/* Begin PBXVariantGroup section */
		A324B2DD18E24A4600261C57 /* InfoPlist.strings */ = {
			isa = PBXVariantGroup;
			children = (
				A324B2DE18E24A4600261C57 /* en */,
			);
			name = InfoPlist.strings;
			sourceTree = "<group>";
		};
		A324B2E618E24A4600261C57 /* Main_iPhone.storyboard */ = {
			isa = PBXVariantGroup;
			children = (
				A324B2E718E24A4600261C57 /* Base */,
			);
			name = Main_iPhone.storyboard;
			sourceTree = "<group>";
		};
		A324B2E918E24A4600261C57 /* Main_iPad.storyboard */ = {
			isa = PBXVariantGroup;
			children = (
				A324B2EA18E24A4600261C57 /* Base */,
			);
			name = Main_iPad.storyboard;
			sourceTree = "<group>";
		};
		A324B30218E24A4600261C57 /* InfoPlist.strings */ = {
			isa = PBXVariantGroup;
			children = (
				A324B30318E24A4600261C57 /* en */,
			);
			name = InfoPlist.strings;
			sourceTree = "<group>";
		};
/* End PBXVariantGroup section */

/* Begin XCBuildConfiguration section */
		A324B30718E24A4600261C57 /* Debug */ = {
			isa = XCBuildConfiguration;
			buildSettings = {
				ALWAYS_SEARCH_USER_PATHS = NO;
				ARCHS = "$(ARCHS_STANDARD_INCLUDING_64_BIT)";
				CLANG_CXX_LANGUAGE_STANDARD = "gnu++0x";
				CLANG_CXX_LIBRARY = "libc++";
				CLANG_ENABLE_MODULES = YES;
				CLANG_ENABLE_OBJC_ARC = YES;
				CLANG_WARN_BOOL_CONVERSION = YES;
				CLANG_WARN_CONSTANT_CONVERSION = YES;
				CLANG_WARN_DIRECT_OBJC_ISA_USAGE = YES_ERROR;
				CLANG_WARN_EMPTY_BODY = YES;
				CLANG_WARN_ENUM_CONVERSION = YES;
				CLANG_WARN_INT_CONVERSION = YES;
				CLANG_WARN_OBJC_ROOT_CLASS = YES_ERROR;
				CLANG_WARN__DUPLICATE_METHOD_MATCH = YES;
				"CODE_SIGN_IDENTITY[sdk=iphoneos*]" = "iPhone Developer";
				COPY_PHASE_STRIP = NO;
				GCC_C_LANGUAGE_STANDARD = gnu99;
				GCC_DYNAMIC_NO_PIC = NO;
				GCC_OPTIMIZATION_LEVEL = 0;
				GCC_PREPROCESSOR_DEFINITIONS = (
					"DEBUG=1",
					"$(inherited)",
				);
				GCC_SYMBOLS_PRIVATE_EXTERN = NO;
				GCC_WARN_64_TO_32_BIT_CONVERSION = YES;
				GCC_WARN_ABOUT_RETURN_TYPE = YES_ERROR;
				GCC_WARN_UNDECLARED_SELECTOR = YES;
				GCC_WARN_UNINITIALIZED_AUTOS = YES;
				GCC_WARN_UNUSED_FUNCTION = YES;
				GCC_WARN_UNUSED_VARIABLE = YES;
				IPHONEOS_DEPLOYMENT_TARGET = 7.0;
				ONLY_ACTIVE_ARCH = YES;
				SDKROOT = iphoneos;
				TARGETED_DEVICE_FAMILY = "1,2";
			};
			name = Debug;
		};
		A324B30818E24A4600261C57 /* Release */ = {
			isa = XCBuildConfiguration;
			buildSettings = {
				ALWAYS_SEARCH_USER_PATHS = NO;
				ARCHS = "$(ARCHS_STANDARD_INCLUDING_64_BIT)";
				CLANG_CXX_LANGUAGE_STANDARD = "gnu++0x";
				CLANG_CXX_LIBRARY = "libc++";
				CLANG_ENABLE_MODULES = YES;
				CLANG_ENABLE_OBJC_ARC = YES;
				CLANG_WARN_BOOL_CONVERSION = YES;
				CLANG_WARN_CONSTANT_CONVERSION = YES;
				CLANG_WARN_DIRECT_OBJC_ISA_USAGE = YES_ERROR;
				CLANG_WARN_EMPTY_BODY = YES;
				CLANG_WARN_ENUM_CONVERSION = YES;
				CLANG_WARN_INT_CONVERSION = YES;
				CLANG_WARN_OBJC_ROOT_CLASS = YES_ERROR;
				CLANG_WARN__DUPLICATE_METHOD_MATCH = YES;
				"CODE_SIGN_IDENTITY[sdk=iphoneos*]" = "iPhone Developer";
				COPY_PHASE_STRIP = YES;
				ENABLE_NS_ASSERTIONS = NO;
				GCC_C_LANGUAGE_STANDARD = gnu99;
				GCC_WARN_64_TO_32_BIT_CONVERSION = YES;
				GCC_WARN_ABOUT_RETURN_TYPE = YES_ERROR;
				GCC_WARN_UNDECLARED_SELECTOR = YES;
				GCC_WARN_UNINITIALIZED_AUTOS = YES;
				GCC_WARN_UNUSED_FUNCTION = YES;
				GCC_WARN_UNUSED_VARIABLE = YES;
				IPHONEOS_DEPLOYMENT_TARGET = 7.0;
				SDKROOT = iphoneos;
				TARGETED_DEVICE_FAMILY = "1,2";
				VALIDATE_PRODUCT = YES;
			};
			name = Release;
		};
		A324B30A18E24A4600261C57 /* Debug */ = {
			isa = XCBuildConfiguration;
			buildSettings = {
				ASSETCATALOG_COMPILER_APPICON_NAME = AppIcon;
				ASSETCATALOG_COMPILER_LAUNCHIMAGE_NAME = LaunchImage;
				FRAMEWORK_SEARCH_PATHS = (
					"$(inherited)",
					"$(PROJECT_DIR)",
				);
				GCC_PRECOMPILE_PREFIX_HEADER = YES;
				GCC_PREFIX_HEADER = "MedicalProtocols/MedicalProtocols-Prefix.pch";
				INFOPLIST_FILE = "MedicalProtocols/MedicalProtocols-Info.plist";
				PRODUCT_NAME = "$(TARGET_NAME)";
				WRAPPER_EXTENSION = app;
			};
			name = Debug;
		};
		A324B30B18E24A4600261C57 /* Release */ = {
			isa = XCBuildConfiguration;
			buildSettings = {
				ASSETCATALOG_COMPILER_APPICON_NAME = AppIcon;
				ASSETCATALOG_COMPILER_LAUNCHIMAGE_NAME = LaunchImage;
				FRAMEWORK_SEARCH_PATHS = (
					"$(inherited)",
					"$(PROJECT_DIR)",
				);
				GCC_PRECOMPILE_PREFIX_HEADER = YES;
				GCC_PREFIX_HEADER = "MedicalProtocols/MedicalProtocols-Prefix.pch";
				INFOPLIST_FILE = "MedicalProtocols/MedicalProtocols-Info.plist";
				PRODUCT_NAME = "$(TARGET_NAME)";
				WRAPPER_EXTENSION = app;
			};
			name = Release;
		};
		A324B30D18E24A4600261C57 /* Debug */ = {
			isa = XCBuildConfiguration;
			buildSettings = {
				ARCHS = "$(ARCHS_STANDARD_INCLUDING_64_BIT)";
				BUNDLE_LOADER = "$(BUILT_PRODUCTS_DIR)/MedicalProtocols.app/MedicalProtocols";
				FRAMEWORK_SEARCH_PATHS = (
					"$(SDKROOT)/Developer/Library/Frameworks",
					"$(inherited)",
					"$(DEVELOPER_FRAMEWORKS_DIR)",
				);
				GCC_PRECOMPILE_PREFIX_HEADER = YES;
				GCC_PREFIX_HEADER = "MedicalProtocols/MedicalProtocols-Prefix.pch";
				GCC_PREPROCESSOR_DEFINITIONS = (
					"DEBUG=1",
					"$(inherited)",
				);
				INFOPLIST_FILE = "MedicalProtocolsTests/MedicalProtocolsTests-Info.plist";
				PRODUCT_NAME = "$(TARGET_NAME)";
				TEST_HOST = "$(BUNDLE_LOADER)";
				WRAPPER_EXTENSION = xctest;
			};
			name = Debug;
		};
		A324B30E18E24A4600261C57 /* Release */ = {
			isa = XCBuildConfiguration;
			buildSettings = {
				ARCHS = "$(ARCHS_STANDARD_INCLUDING_64_BIT)";
				BUNDLE_LOADER = "$(BUILT_PRODUCTS_DIR)/MedicalProtocols.app/MedicalProtocols";
				FRAMEWORK_SEARCH_PATHS = (
					"$(SDKROOT)/Developer/Library/Frameworks",
					"$(inherited)",
					"$(DEVELOPER_FRAMEWORKS_DIR)",
				);
				GCC_PRECOMPILE_PREFIX_HEADER = YES;
				GCC_PREFIX_HEADER = "MedicalProtocols/MedicalProtocols-Prefix.pch";
				INFOPLIST_FILE = "MedicalProtocolsTests/MedicalProtocolsTests-Info.plist";
				PRODUCT_NAME = "$(TARGET_NAME)";
				TEST_HOST = "$(BUNDLE_LOADER)";
				WRAPPER_EXTENSION = xctest;
			};
			name = Release;
		};
/* End XCBuildConfiguration section */

/* Begin XCConfigurationList section */
		A324B2CC18E24A4600261C57 /* Build configuration list for PBXProject "MedicalProtocols" */ = {
			isa = XCConfigurationList;
			buildConfigurations = (
				A324B30718E24A4600261C57 /* Debug */,
				A324B30818E24A4600261C57 /* Release */,
			);
			defaultConfigurationIsVisible = 0;
			defaultConfigurationName = Release;
		};
		A324B30918E24A4600261C57 /* Build configuration list for PBXNativeTarget "MedicalProtocols" */ = {
			isa = XCConfigurationList;
			buildConfigurations = (
				A324B30A18E24A4600261C57 /* Debug */,
				A324B30B18E24A4600261C57 /* Release */,
			);
			defaultConfigurationIsVisible = 0;
			defaultConfigurationName = Release;
		};
		A324B30C18E24A4600261C57 /* Build configuration list for PBXNativeTarget "MedicalProtocolsTests" */ = {
			isa = XCConfigurationList;
			buildConfigurations = (
				A324B30D18E24A4600261C57 /* Debug */,
				A324B30E18E24A4600261C57 /* Release */,
			);
			defaultConfigurationIsVisible = 0;
			defaultConfigurationName = Release;
		};
/* End XCConfigurationList section */
	};
	rootObject = A324B2C918E24A4600261C57 /* Project object */;
}
